
Microsoft Visual Studio Solution File, Format Version 12.00
# Visual Studio 2013
VisualStudioVersion = 12.0.31101.0
MinimumVisualStudioVersion = 10.0.40219.1
Project("{FAE04EC0-301F-11D3-BF4B-00C04F79EFBC}") = "DictionaryTrainerModel", "DictionaryTrainerModel\DictionaryTrainerModel.csproj", "{EFAE6E98-9302-47C5-BA5E-5F3E9BBC5B9D}"
EndProject
Project("{FAE04EC0-301F-11D3-BF4B-00C04F79EFBC}") = "WinTrainer", "WinTrainer\WinTrainer.csproj", "{78B35DEE-52E5-42E1-BD6C-3EB573F2930F}"
EndProject
Project("{FAE04EC0-301F-11D3-BF4B-00C04F79EFBC}") = "TrainerVM", "TrainerVM\TrainerVM.csproj", "{59079F53-9776-4D46-81FE-44415628519A}"
EndProject
Project("{FAE04EC0-301F-11D3-BF4B-00C04F79EFBC}") = "DictionaryTrainerModel.Tests", "DictionaryTrainerModel.Tests\DictionaryTrainerModel.Tests.csproj", "{2DCBFA0B-ECCC-43AC-B981-014C67785526}"
EndProject
Project("{FAE04EC0-301F-11D3-BF4B-00C04F79EFBC}") = "TrainerStorage", "TrainerStorage\TrainerStorage.csproj", "{FE62FBE8-8B0B-495A-97F6-D6BEE044E6D1}"
EndProject
Global
	GlobalSection(SolutionConfigurationPlatforms) = preSolution
		Debug|Any CPU = Debug|Any CPU
		Release|Any CPU = Release|Any CPU
	EndGlobalSection
	GlobalSection(ProjectConfigurationPlatforms) = postSolution
		{EFAE6E98-9302-47C5-BA5E-5F3E9BBC5B9D}.Debug|Any CPU.ActiveCfg = Debug|Any CPU
		{EFAE6E98-9302-47C5-BA5E-5F3E9BBC5B9D}.Debug|Any CPU.Build.0 = Debug|Any CPU
		{EFAE6E98-9302-47C5-BA5E-5F3E9BBC5B9D}.Release|Any CPU.ActiveCfg = Release|Any CPU
		{EFAE6E98-9302-47C5-BA5E-5F3E9BBC5B9D}.Release|Any CPU.Build.0 = Release|Any CPU
		{78B35DEE-52E5-42E1-BD6C-3EB573F2930F}.Debug|Any CPU.ActiveCfg = Debug|Any CPU
		{78B35DEE-52E5-42E1-BD6C-3EB573F2930F}.Debug|Any CPU.Build.0 = Debug|Any CPU
		{78B35DEE-52E5-42E1-BD6C-3EB573F2930F}.Release|Any CPU.ActiveCfg = Release|Any CPU
		{78B35DEE-52E5-42E1-BD6C-3EB573F2930F}.Release|Any CPU.Build.0 = Release|Any CPU
		{59079F53-9776-4D46-81FE-44415628519A}.Debug|Any CPU.ActiveCfg = Debug|Any CPU
		{59079F53-9776-4D46-81FE-44415628519A}.Debug|Any CPU.Build.0 = Debug|Any CPU
		{59079F53-9776-4D46-81FE-44415628519A}.Release|Any CPU.ActiveCfg = Release|Any CPU
		{59079F53-9776-4D46-81FE-44415628519A}.Release|Any CPU.Build.0 = Release|Any CPU
		{2DCBFA0B-ECCC-43AC-B981-014C67785526}.Debug|Any CPU.ActiveCfg = Debug|Any CPU
		{2DCBFA0B-ECCC-43AC-B981-014C67785526}.Debug|Any CPU.Build.0 = Debug|Any CPU
		{2DCBFA0B-ECCC-43AC-B981-014C67785526}.Release|Any CPU.ActiveCfg = Release|Any CPU
		{2DCBFA0B-ECCC-43AC-B981-014C67785526}.Release|Any CPU.Build.0 = Release|Any CPU
		{FE62FBE8-8B0B-495A-97F6-D6BEE044E6D1}.Debug|Any CPU.ActiveCfg = Debug|Any CPU
		{FE62FBE8-8B0B-495A-97F6-D6BEE044E6D1}.Debug|Any CPU.Build.0 = Debug|Any CPU
		{FE62FBE8-8B0B-495A-97F6-D6BEE044E6D1}.Release|Any CPU.ActiveCfg = Release|Any CPU
		{FE62FBE8-8B0B-495A-97F6-D6BEE044E6D1}.Release|Any CPU.Build.0 = Release|Any CPU
	EndGlobalSection
	GlobalSection(SolutionProperties) = preSolution
		HideSolutionNode = FALSE
	EndGlobalSection
EndGlobal
